
Microsoft Visual Studio Solution File, Format Version 12.00
# Visual Studio 2013
VisualStudioVersion = 12.0.30723.0
MinimumVisualStudioVersion = 10.0.40219.1
Project("{FAE04EC0-301F-11D3-BF4B-00C04F79EFBC}") = "ProjectLog.Core", "ProjectLog.Core\ProjectLog.Core.csproj", "{B8542016-F6B6-4A49-8118-0D9952F2155B}"
EndProject
Project("{FAE04EC0-301F-11D3-BF4B-00C04F79EFBC}") = "ProjectLog.Android", "ProjectLog.Android\ProjectLog.Android.csproj", "{FF6D32D6-82F5-4649-A4A2-B72751837ADF}"
EndProject
Project("{FAE04EC0-301F-11D3-BF4B-00C04F79EFBC}") = "ProjectLog.WP8", "ProjectLog.WP8\ProjectLog.WP8.csproj", "{15AB66F5-7926-44CD-A5B8-77E9D7BF699C}"
EndProject
Project("{FAE04EC0-301F-11D3-BF4B-00C04F79EFBC}") = "ProjectLog.UnitTest", "ProjectLog.UnitTest\ProjectLog.UnitTest.csproj", "{2C97BC78-5375-4D9B-84AA-AE858BC769FE}"
EndProject
Project("{FAE04EC0-301F-11D3-BF4B-00C04F79EFBC}") = "ProjectLog.iOS", "ProjectLog.iOS\ProjectLog.iOS.csproj", "{BE4F851C-923A-4676-9569-E8D83CF883B4}"
EndProject
Global
	GlobalSection(SolutionConfigurationPlatforms) = preSolution
		Ad-Hoc|Any CPU = Ad-Hoc|Any CPU
		Ad-Hoc|ARM = Ad-Hoc|ARM
		Ad-Hoc|iPhone = Ad-Hoc|iPhone
		Ad-Hoc|iPhoneSimulator = Ad-Hoc|iPhoneSimulator
		Ad-Hoc|Mixed Platforms = Ad-Hoc|Mixed Platforms
		Ad-Hoc|x86 = Ad-Hoc|x86
		AppStore|Any CPU = AppStore|Any CPU
		AppStore|ARM = AppStore|ARM
		AppStore|iPhone = AppStore|iPhone
		AppStore|iPhoneSimulator = AppStore|iPhoneSimulator
		AppStore|Mixed Platforms = AppStore|Mixed Platforms
		AppStore|x86 = AppStore|x86
		Debug|Any CPU = Debug|Any CPU
		Debug|ARM = Debug|ARM
		Debug|iPhone = Debug|iPhone
		Debug|iPhoneSimulator = Debug|iPhoneSimulator
		Debug|Mixed Platforms = Debug|Mixed Platforms
		Debug|x86 = Debug|x86
		Release|Any CPU = Release|Any CPU
		Release|ARM = Release|ARM
		Release|iPhone = Release|iPhone
		Release|iPhoneSimulator = Release|iPhoneSimulator
		Release|Mixed Platforms = Release|Mixed Platforms
		Release|x86 = Release|x86
	EndGlobalSection
	GlobalSection(ProjectConfigurationPlatforms) = postSolution
		{B8542016-F6B6-4A49-8118-0D9952F2155B}.Ad-Hoc|Any CPU.ActiveCfg = Release|Any CPU
		{B8542016-F6B6-4A49-8118-0D9952F2155B}.Ad-Hoc|Any CPU.Build.0 = Release|Any CPU
		{B8542016-F6B6-4A49-8118-0D9952F2155B}.Ad-Hoc|ARM.ActiveCfg = Release|Any CPU
		{B8542016-F6B6-4A49-8118-0D9952F2155B}.Ad-Hoc|iPhone.ActiveCfg = Release|Any CPU
		{B8542016-F6B6-4A49-8118-0D9952F2155B}.Ad-Hoc|iPhoneSimulator.ActiveCfg = Release|Any CPU
		{B8542016-F6B6-4A49-8118-0D9952F2155B}.Ad-Hoc|Mixed Platforms.ActiveCfg = Release|Any CPU
		{B8542016-F6B6-4A49-8118-0D9952F2155B}.Ad-Hoc|Mixed Platforms.Build.0 = Release|Any CPU
		{B8542016-F6B6-4A49-8118-0D9952F2155B}.Ad-Hoc|x86.ActiveCfg = Release|Any CPU
		{B8542016-F6B6-4A49-8118-0D9952F2155B}.AppStore|Any CPU.ActiveCfg = Release|Any CPU
		{B8542016-F6B6-4A49-8118-0D9952F2155B}.AppStore|Any CPU.Build.0 = Release|Any CPU
		{B8542016-F6B6-4A49-8118-0D9952F2155B}.AppStore|ARM.ActiveCfg = Release|Any CPU
		{B8542016-F6B6-4A49-8118-0D9952F2155B}.AppStore|iPhone.ActiveCfg = Release|Any CPU
		{B8542016-F6B6-4A49-8118-0D9952F2155B}.AppStore|iPhoneSimulator.ActiveCfg = Release|Any CPU
		{B8542016-F6B6-4A49-8118-0D9952F2155B}.AppStore|Mixed Platforms.ActiveCfg = Release|Any CPU
		{B8542016-F6B6-4A49-8118-0D9952F2155B}.AppStore|Mixed Platforms.Build.0 = Release|Any CPU
		{B8542016-F6B6-4A49-8118-0D9952F2155B}.AppStore|x86.ActiveCfg = Release|Any CPU
		{B8542016-F6B6-4A49-8118-0D9952F2155B}.Debug|Any CPU.ActiveCfg = Debug|Any CPU
		{B8542016-F6B6-4A49-8118-0D9952F2155B}.Debug|Any CPU.Build.0 = Debug|Any CPU
		{B8542016-F6B6-4A49-8118-0D9952F2155B}.Debug|ARM.ActiveCfg = Debug|Any CPU
		{B8542016-F6B6-4A49-8118-0D9952F2155B}.Debug|iPhone.ActiveCfg = Debug|Any CPU
		{B8542016-F6B6-4A49-8118-0D9952F2155B}.Debug|iPhoneSimulator.ActiveCfg = Debug|Any CPU
		{B8542016-F6B6-4A49-8118-0D9952F2155B}.Debug|Mixed Platforms.ActiveCfg = Debug|Any CPU
		{B8542016-F6B6-4A49-8118-0D9952F2155B}.Debug|Mixed Platforms.Build.0 = Debug|Any CPU
		{B8542016-F6B6-4A49-8118-0D9952F2155B}.Debug|x86.ActiveCfg = Debug|Any CPU
		{B8542016-F6B6-4A49-8118-0D9952F2155B}.Release|Any CPU.ActiveCfg = Release|Any CPU
		{B8542016-F6B6-4A49-8118-0D9952F2155B}.Release|Any CPU.Build.0 = Release|Any CPU
		{B8542016-F6B6-4A49-8118-0D9952F2155B}.Release|ARM.ActiveCfg = Release|Any CPU
		{B8542016-F6B6-4A49-8118-0D9952F2155B}.Release|iPhone.ActiveCfg = Release|Any CPU
		{B8542016-F6B6-4A49-8118-0D9952F2155B}.Release|iPhoneSimulator.ActiveCfg = Release|Any CPU
		{B8542016-F6B6-4A49-8118-0D9952F2155B}.Release|Mixed Platforms.ActiveCfg = Release|Any CPU
		{B8542016-F6B6-4A49-8118-0D9952F2155B}.Release|Mixed Platforms.Build.0 = Release|Any CPU
		{B8542016-F6B6-4A49-8118-0D9952F2155B}.Release|x86.ActiveCfg = Release|Any CPU
		{FF6D32D6-82F5-4649-A4A2-B72751837ADF}.Ad-Hoc|Any CPU.ActiveCfg = Release|Any CPU
		{FF6D32D6-82F5-4649-A4A2-B72751837ADF}.Ad-Hoc|Any CPU.Build.0 = Release|Any CPU
		{FF6D32D6-82F5-4649-A4A2-B72751837ADF}.Ad-Hoc|Any CPU.Deploy.0 = Release|Any CPU
		{FF6D32D6-82F5-4649-A4A2-B72751837ADF}.Ad-Hoc|ARM.ActiveCfg = Release|Any CPU
		{FF6D32D6-82F5-4649-A4A2-B72751837ADF}.Ad-Hoc|iPhone.ActiveCfg = Release|Any CPU
		{FF6D32D6-82F5-4649-A4A2-B72751837ADF}.Ad-Hoc|iPhoneSimulator.ActiveCfg = Release|Any CPU
		{FF6D32D6-82F5-4649-A4A2-B72751837ADF}.Ad-Hoc|Mixed Platforms.ActiveCfg = Release|Any CPU
		{FF6D32D6-82F5-4649-A4A2-B72751837ADF}.Ad-Hoc|Mixed Platforms.Build.0 = Release|Any CPU
		{FF6D32D6-82F5-4649-A4A2-B72751837ADF}.Ad-Hoc|Mixed Platforms.Deploy.0 = Release|Any CPU
		{FF6D32D6-82F5-4649-A4A2-B72751837ADF}.Ad-Hoc|x86.ActiveCfg = Release|Any CPU
		{FF6D32D6-82F5-4649-A4A2-B72751837ADF}.AppStore|Any CPU.ActiveCfg = Release|Any CPU
		{FF6D32D6-82F5-4649-A4A2-B72751837ADF}.AppStore|Any CPU.Build.0 = Release|Any CPU
		{FF6D32D6-82F5-4649-A4A2-B72751837ADF}.AppStore|Any CPU.Deploy.0 = Release|Any CPU
		{FF6D32D6-82F5-4649-A4A2-B72751837ADF}.AppStore|ARM.ActiveCfg = Release|Any CPU
		{FF6D32D6-82F5-4649-A4A2-B72751837ADF}.AppStore|iPhone.ActiveCfg = Release|Any CPU
		{FF6D32D6-82F5-4649-A4A2-B72751837ADF}.AppStore|iPhoneSimulator.ActiveCfg = Release|Any CPU
		{FF6D32D6-82F5-4649-A4A2-B72751837ADF}.AppStore|Mixed Platforms.ActiveCfg = Release|Any CPU
		{FF6D32D6-82F5-4649-A4A2-B72751837ADF}.AppStore|Mixed Platforms.Build.0 = Release|Any CPU
		{FF6D32D6-82F5-4649-A4A2-B72751837ADF}.AppStore|Mixed Platforms.Deploy.0 = Release|Any CPU
		{FF6D32D6-82F5-4649-A4A2-B72751837ADF}.AppStore|x86.ActiveCfg = Release|Any CPU
		{FF6D32D6-82F5-4649-A4A2-B72751837ADF}.Debug|Any CPU.ActiveCfg = Debug|Any CPU
		{FF6D32D6-82F5-4649-A4A2-B72751837ADF}.Debug|Any CPU.Build.0 = Debug|Any CPU
		{FF6D32D6-82F5-4649-A4A2-B72751837ADF}.Debug|Any CPU.Deploy.0 = Debug|Any CPU
		{FF6D32D6-82F5-4649-A4A2-B72751837ADF}.Debug|ARM.ActiveCfg = Debug|Any CPU
		{FF6D32D6-82F5-4649-A4A2-B72751837ADF}.Debug|iPhone.ActiveCfg = Debug|Any CPU
		{FF6D32D6-82F5-4649-A4A2-B72751837ADF}.Debug|iPhoneSimulator.ActiveCfg = Debug|Any CPU
		{FF6D32D6-82F5-4649-A4A2-B72751837ADF}.Debug|Mixed Platforms.ActiveCfg = Debug|Any CPU
		{FF6D32D6-82F5-4649-A4A2-B72751837ADF}.Debug|Mixed Platforms.Build.0 = Debug|Any CPU
		{FF6D32D6-82F5-4649-A4A2-B72751837ADF}.Debug|Mixed Platforms.Deploy.0 = Debug|Any CPU
		{FF6D32D6-82F5-4649-A4A2-B72751837ADF}.Debug|x86.ActiveCfg = Debug|Any CPU
		{FF6D32D6-82F5-4649-A4A2-B72751837ADF}.Release|Any CPU.ActiveCfg = Release|Any CPU
		{FF6D32D6-82F5-4649-A4A2-B72751837ADF}.Release|Any CPU.Build.0 = Release|Any CPU
		{FF6D32D6-82F5-4649-A4A2-B72751837ADF}.Release|Any CPU.Deploy.0 = Release|Any CPU
		{FF6D32D6-82F5-4649-A4A2-B72751837ADF}.Release|ARM.ActiveCfg = Release|Any CPU
		{FF6D32D6-82F5-4649-A4A2-B72751837ADF}.Release|iPhone.ActiveCfg = Release|Any CPU
		{FF6D32D6-82F5-4649-A4A2-B72751837ADF}.Release|iPhoneSimulator.ActiveCfg = Release|Any CPU
		{FF6D32D6-82F5-4649-A4A2-B72751837ADF}.Release|Mixed Platforms.ActiveCfg = Release|Any CPU
		{FF6D32D6-82F5-4649-A4A2-B72751837ADF}.Release|Mixed Platforms.Build.0 = Release|Any CPU
		{FF6D32D6-82F5-4649-A4A2-B72751837ADF}.Release|Mixed Platforms.Deploy.0 = Release|Any CPU
		{FF6D32D6-82F5-4649-A4A2-B72751837ADF}.Release|x86.ActiveCfg = Release|Any CPU
		{15AB66F5-7926-44CD-A5B8-77E9D7BF699C}.Ad-Hoc|Any CPU.ActiveCfg = Release|Any CPU
		{15AB66F5-7926-44CD-A5B8-77E9D7BF699C}.Ad-Hoc|Any CPU.Build.0 = Release|Any CPU
		{15AB66F5-7926-44CD-A5B8-77E9D7BF699C}.Ad-Hoc|Any CPU.Deploy.0 = Release|Any CPU
		{15AB66F5-7926-44CD-A5B8-77E9D7BF699C}.Ad-Hoc|ARM.ActiveCfg = Release|ARM
		{15AB66F5-7926-44CD-A5B8-77E9D7BF699C}.Ad-Hoc|ARM.Build.0 = Release|ARM
		{15AB66F5-7926-44CD-A5B8-77E9D7BF699C}.Ad-Hoc|ARM.Deploy.0 = Release|ARM
		{15AB66F5-7926-44CD-A5B8-77E9D7BF699C}.Ad-Hoc|iPhone.ActiveCfg = Release|Any CPU
		{15AB66F5-7926-44CD-A5B8-77E9D7BF699C}.Ad-Hoc|iPhoneSimulator.ActiveCfg = Release|Any CPU
		{15AB66F5-7926-44CD-A5B8-77E9D7BF699C}.Ad-Hoc|Mixed Platforms.ActiveCfg = Release|x86
		{15AB66F5-7926-44CD-A5B8-77E9D7BF699C}.Ad-Hoc|Mixed Platforms.Build.0 = Release|x86
		{15AB66F5-7926-44CD-A5B8-77E9D7BF699C}.Ad-Hoc|Mixed Platforms.Deploy.0 = Release|x86
		{15AB66F5-7926-44CD-A5B8-77E9D7BF699C}.Ad-Hoc|x86.ActiveCfg = Release|x86
		{15AB66F5-7926-44CD-A5B8-77E9D7BF699C}.Ad-Hoc|x86.Build.0 = Release|x86
		{15AB66F5-7926-44CD-A5B8-77E9D7BF699C}.Ad-Hoc|x86.Deploy.0 = Release|x86
		{15AB66F5-7926-44CD-A5B8-77E9D7BF699C}.AppStore|Any CPU.ActiveCfg = Release|Any CPU
		{15AB66F5-7926-44CD-A5B8-77E9D7BF699C}.AppStore|Any CPU.Build.0 = Release|Any CPU
		{15AB66F5-7926-44CD-A5B8-77E9D7BF699C}.AppStore|Any CPU.Deploy.0 = Release|Any CPU
		{15AB66F5-7926-44CD-A5B8-77E9D7BF699C}.AppStore|ARM.ActiveCfg = Release|ARM
		{15AB66F5-7926-44CD-A5B8-77E9D7BF699C}.AppStore|ARM.Build.0 = Release|ARM
		{15AB66F5-7926-44CD-A5B8-77E9D7BF699C}.AppStore|ARM.Deploy.0 = Release|ARM
		{15AB66F5-7926-44CD-A5B8-77E9D7BF699C}.AppStore|iPhone.ActiveCfg = Release|Any CPU
		{15AB66F5-7926-44CD-A5B8-77E9D7BF699C}.AppStore|iPhoneSimulator.ActiveCfg = Release|Any CPU
		{15AB66F5-7926-44CD-A5B8-77E9D7BF699C}.AppStore|Mixed Platforms.ActiveCfg = Release|x86
		{15AB66F5-7926-44CD-A5B8-77E9D7BF699C}.AppStore|Mixed Platforms.Build.0 = Release|x86
		{15AB66F5-7926-44CD-A5B8-77E9D7BF699C}.AppStore|Mixed Platforms.Deploy.0 = Release|x86
		{15AB66F5-7926-44CD-A5B8-77E9D7BF699C}.AppStore|x86.ActiveCfg = Release|x86
		{15AB66F5-7926-44CD-A5B8-77E9D7BF699C}.AppStore|x86.Build.0 = Release|x86
		{15AB66F5-7926-44CD-A5B8-77E9D7BF699C}.AppStore|x86.Deploy.0 = Release|x86
		{15AB66F5-7926-44CD-A5B8-77E9D7BF699C}.Debug|Any CPU.ActiveCfg = Debug|Any CPU
		{15AB66F5-7926-44CD-A5B8-77E9D7BF699C}.Debug|Any CPU.Build.0 = Debug|Any CPU
		{15AB66F5-7926-44CD-A5B8-77E9D7BF699C}.Debug|Any CPU.Deploy.0 = Debug|Any CPU
		{15AB66F5-7926-44CD-A5B8-77E9D7BF699C}.Debug|ARM.ActiveCfg = Debug|ARM
		{15AB66F5-7926-44CD-A5B8-77E9D7BF699C}.Debug|ARM.Build.0 = Debug|ARM
		{15AB66F5-7926-44CD-A5B8-77E9D7BF699C}.Debug|ARM.Deploy.0 = Debug|ARM
		{15AB66F5-7926-44CD-A5B8-77E9D7BF699C}.Debug|iPhone.ActiveCfg = Debug|Any CPU
		{15AB66F5-7926-44CD-A5B8-77E9D7BF699C}.Debug|iPhoneSimulator.ActiveCfg = Debug|Any CPU
		{15AB66F5-7926-44CD-A5B8-77E9D7BF699C}.Debug|Mixed Platforms.ActiveCfg = Debug|x86
		{15AB66F5-7926-44CD-A5B8-77E9D7BF699C}.Debug|Mixed Platforms.Build.0 = Debug|x86
		{15AB66F5-7926-44CD-A5B8-77E9D7BF699C}.Debug|Mixed Platforms.Deploy.0 = Debug|x86
		{15AB66F5-7926-44CD-A5B8-77E9D7BF699C}.Debug|x86.ActiveCfg = Debug|x86
		{15AB66F5-7926-44CD-A5B8-77E9D7BF699C}.Debug|x86.Build.0 = Debug|x86
		{15AB66F5-7926-44CD-A5B8-77E9D7BF699C}.Debug|x86.Deploy.0 = Debug|x86
		{15AB66F5-7926-44CD-A5B8-77E9D7BF699C}.Release|Any CPU.ActiveCfg = Release|Any CPU
		{15AB66F5-7926-44CD-A5B8-77E9D7BF699C}.Release|Any CPU.Build.0 = Release|Any CPU
		{15AB66F5-7926-44CD-A5B8-77E9D7BF699C}.Release|Any CPU.Deploy.0 = Release|Any CPU
		{15AB66F5-7926-44CD-A5B8-77E9D7BF699C}.Release|ARM.ActiveCfg = Release|ARM
		{15AB66F5-7926-44CD-A5B8-77E9D7BF699C}.Release|ARM.Build.0 = Release|ARM
		{15AB66F5-7926-44CD-A5B8-77E9D7BF699C}.Release|ARM.Deploy.0 = Release|ARM
		{15AB66F5-7926-44CD-A5B8-77E9D7BF699C}.Release|iPhone.ActiveCfg = Release|Any CPU
		{15AB66F5-7926-44CD-A5B8-77E9D7BF699C}.Release|iPhoneSimulator.ActiveCfg = Release|Any CPU
		{15AB66F5-7926-44CD-A5B8-77E9D7BF699C}.Release|Mixed Platforms.ActiveCfg = Release|x86
		{15AB66F5-7926-44CD-A5B8-77E9D7BF699C}.Release|Mixed Platforms.Build.0 = Release|x86
		{15AB66F5-7926-44CD-A5B8-77E9D7BF699C}.Release|Mixed Platforms.Deploy.0 = Release|x86
		{15AB66F5-7926-44CD-A5B8-77E9D7BF699C}.Release|x86.ActiveCfg = Release|x86
		{15AB66F5-7926-44CD-A5B8-77E9D7BF699C}.Release|x86.Build.0 = Release|x86
		{15AB66F5-7926-44CD-A5B8-77E9D7BF699C}.Release|x86.Deploy.0 = Release|x86
		{2C97BC78-5375-4D9B-84AA-AE858BC769FE}.Ad-Hoc|Any CPU.ActiveCfg = Release|Any CPU
		{2C97BC78-5375-4D9B-84AA-AE858BC769FE}.Ad-Hoc|Any CPU.Build.0 = Release|Any CPU
		{2C97BC78-5375-4D9B-84AA-AE858BC769FE}.Ad-Hoc|ARM.ActiveCfg = Release|Any CPU
		{2C97BC78-5375-4D9B-84AA-AE858BC769FE}.Ad-Hoc|iPhone.ActiveCfg = Release|Any CPU
		{2C97BC78-5375-4D9B-84AA-AE858BC769FE}.Ad-Hoc|iPhoneSimulator.ActiveCfg = Release|Any CPU
		{2C97BC78-5375-4D9B-84AA-AE858BC769FE}.Ad-Hoc|Mixed Platforms.ActiveCfg = Release|Any CPU
		{2C97BC78-5375-4D9B-84AA-AE858BC769FE}.Ad-Hoc|Mixed Platforms.Build.0 = Release|Any CPU
		{2C97BC78-5375-4D9B-84AA-AE858BC769FE}.Ad-Hoc|x86.ActiveCfg = Release|Any CPU
		{2C97BC78-5375-4D9B-84AA-AE858BC769FE}.AppStore|Any CPU.ActiveCfg = Release|Any CPU
		{2C97BC78-5375-4D9B-84AA-AE858BC769FE}.AppStore|Any CPU.Build.0 = Release|Any CPU
		{2C97BC78-5375-4D9B-84AA-AE858BC769FE}.AppStore|ARM.ActiveCfg = Release|Any CPU
		{2C97BC78-5375-4D9B-84AA-AE858BC769FE}.AppStore|iPhone.ActiveCfg = Release|Any CPU
		{2C97BC78-5375-4D9B-84AA-AE858BC769FE}.AppStore|iPhoneSimulator.ActiveCfg = Release|Any CPU
		{2C97BC78-5375-4D9B-84AA-AE858BC769FE}.AppStore|Mixed Platforms.ActiveCfg = Release|Any CPU
		{2C97BC78-5375-4D9B-84AA-AE858BC769FE}.AppStore|Mixed Platforms.Build.0 = Release|Any CPU
		{2C97BC78-5375-4D9B-84AA-AE858BC769FE}.AppStore|x86.ActiveCfg = Release|Any CPU
		{2C97BC78-5375-4D9B-84AA-AE858BC769FE}.Debug|Any CPU.ActiveCfg = Debug|Any CPU
		{2C97BC78-5375-4D9B-84AA-AE858BC769FE}.Debug|Any CPU.Build.0 = Debug|Any CPU
		{2C97BC78-5375-4D9B-84AA-AE858BC769FE}.Debug|ARM.ActiveCfg = Debug|Any CPU
		{2C97BC78-5375-4D9B-84AA-AE858BC769FE}.Debug|iPhone.ActiveCfg = Debug|Any CPU
		{2C97BC78-5375-4D9B-84AA-AE858BC769FE}.Debug|iPhoneSimulator.ActiveCfg = Debug|Any CPU
		{2C97BC78-5375-4D9B-84AA-AE858BC769FE}.Debug|Mixed Platforms.ActiveCfg = Debug|Any CPU
		{2C97BC78-5375-4D9B-84AA-AE858BC769FE}.Debug|Mixed Platforms.Build.0 = Debug|Any CPU
		{2C97BC78-5375-4D9B-84AA-AE858BC769FE}.Debug|x86.ActiveCfg = Debug|Any CPU
		{2C97BC78-5375-4D9B-84AA-AE858BC769FE}.Release|Any CPU.ActiveCfg = Release|Any CPU
		{2C97BC78-5375-4D9B-84AA-AE858BC769FE}.Release|Any CPU.Build.0 = Release|Any CPU
		{2C97BC78-5375-4D9B-84AA-AE858BC769FE}.Release|ARM.ActiveCfg = Release|Any CPU
		{2C97BC78-5375-4D9B-84AA-AE858BC769FE}.Release|iPhone.ActiveCfg = Release|Any CPU
		{2C97BC78-5375-4D9B-84AA-AE858BC769FE}.Release|iPhoneSimulator.ActiveCfg = Release|Any CPU
		{2C97BC78-5375-4D9B-84AA-AE858BC769FE}.Release|Mixed Platforms.ActiveCfg = Release|Any CPU
		{2C97BC78-5375-4D9B-84AA-AE858BC769FE}.Release|Mixed Platforms.Build.0 = Release|Any CPU
		{2C97BC78-5375-4D9B-84AA-AE858BC769FE}.Release|x86.ActiveCfg = Release|Any CPU
		{BE4F851C-923A-4676-9569-E8D83CF883B4}.Ad-Hoc|Any CPU.ActiveCfg = Ad-Hoc|iPhone
		{BE4F851C-923A-4676-9569-E8D83CF883B4}.Ad-Hoc|ARM.ActiveCfg = Ad-Hoc|iPhone
		{BE4F851C-923A-4676-9569-E8D83CF883B4}.Ad-Hoc|iPhone.ActiveCfg = Ad-Hoc|iPhone
		{BE4F851C-923A-4676-9569-E8D83CF883B4}.Ad-Hoc|iPhone.Build.0 = Ad-Hoc|iPhone
		{BE4F851C-923A-4676-9569-E8D83CF883B4}.Ad-Hoc|iPhoneSimulator.ActiveCfg = Ad-Hoc|iPhoneSimulator
		{BE4F851C-923A-4676-9569-E8D83CF883B4}.Ad-Hoc|iPhoneSimulator.Build.0 = Ad-Hoc|iPhoneSimulator
		{BE4F851C-923A-4676-9569-E8D83CF883B4}.Ad-Hoc|Mixed Platforms.ActiveCfg = Ad-Hoc|iPhone
		{BE4F851C-923A-4676-9569-E8D83CF883B4}.Ad-Hoc|Mixed Platforms.Build.0 = Ad-Hoc|iPhone
		{BE4F851C-923A-4676-9569-E8D83CF883B4}.Ad-Hoc|x86.ActiveCfg = Ad-Hoc|iPhone
		{BE4F851C-923A-4676-9569-E8D83CF883B4}.AppStore|Any CPU.ActiveCfg = AppStore|iPhone
		{BE4F851C-923A-4676-9569-E8D83CF883B4}.AppStore|ARM.ActiveCfg = AppStore|iPhone
		{BE4F851C-923A-4676-9569-E8D83CF883B4}.AppStore|iPhone.ActiveCfg = AppStore|iPhone
		{BE4F851C-923A-4676-9569-E8D83CF883B4}.AppStore|iPhone.Build.0 = AppStore|iPhone
		{BE4F851C-923A-4676-9569-E8D83CF883B4}.AppStore|iPhoneSimulator.ActiveCfg = AppStore|iPhoneSimulator
		{BE4F851C-923A-4676-9569-E8D83CF883B4}.AppStore|iPhoneSimulator.Build.0 = AppStore|iPhoneSimulator
		{BE4F851C-923A-4676-9569-E8D83CF883B4}.AppStore|Mixed Platforms.ActiveCfg = AppStore|iPhone
		{BE4F851C-923A-4676-9569-E8D83CF883B4}.AppStore|Mixed Platforms.Build.0 = AppStore|iPhone
		{BE4F851C-923A-4676-9569-E8D83CF883B4}.AppStore|x86.ActiveCfg = AppStore|iPhone
		{BE4F851C-923A-4676-9569-E8D83CF883B4}.Debug|Any CPU.ActiveCfg = Debug|iPhone
		{BE4F851C-923A-4676-9569-E8D83CF883B4}.Debug|ARM.ActiveCfg = Debug|iPhone
		{BE4F851C-923A-4676-9569-E8D83CF883B4}.Debug|iPhone.ActiveCfg = Debug|iPhone
		{BE4F851C-923A-4676-9569-E8D83CF883B4}.Debug|iPhone.Build.0 = Debug|iPhone
		{BE4F851C-923A-4676-9569-E8D83CF883B4}.Debug|iPhoneSimulator.ActiveCfg = Debug|iPhoneSimulator
		{BE4F851C-923A-4676-9569-E8D83CF883B4}.Debug|iPhoneSimulator.Build.0 = Debug|iPhoneSimulator
		{BE4F851C-923A-4676-9569-E8D83CF883B4}.Debug|Mixed Platforms.ActiveCfg = Debug|iPhone
		{BE4F851C-923A-4676-9569-E8D83CF883B4}.Debug|Mixed Platforms.Build.0 = Debug|iPhone
		{BE4F851C-923A-4676-9569-E8D83CF883B4}.Debug|x86.ActiveCfg = Debug|iPhone
		{BE4F851C-923A-4676-9569-E8D83CF883B4}.Release|Any CPU.ActiveCfg = Release|iPhone
		{BE4F851C-923A-4676-9569-E8D83CF883B4}.Release|ARM.ActiveCfg = Release|iPhone
		{BE4F851C-923A-4676-9569-E8D83CF883B4}.Release|iPhone.ActiveCfg = Release|iPhone
		{BE4F851C-923A-4676-9569-E8D83CF883B4}.Release|iPhone.Build.0 = Release|iPhone
		{BE4F851C-923A-4676-9569-E8D83CF883B4}.Release|iPhoneSimulator.ActiveCfg = Release|iPhoneSimulator
		{BE4F851C-923A-4676-9569-E8D83CF883B4}.Release|iPhoneSimulator.Build.0 = Release|iPhoneSimulator
		{BE4F851C-923A-4676-9569-E8D83CF883B4}.Release|Mixed Platforms.ActiveCfg = Release|iPhone
		{BE4F851C-923A-4676-9569-E8D83CF883B4}.Release|Mixed Platforms.Build.0 = Release|iPhone
		{BE4F851C-923A-4676-9569-E8D83CF883B4}.Release|x86.ActiveCfg = Release|iPhone
	EndGlobalSection
	GlobalSection(SolutionProperties) = preSolution
		HideSolutionNode = FALSE
	EndGlobalSection
EndGlobal
